PODS:
  - CocoaAsyncSocket (7.6.1)
  - CocoaLumberjack (3.3.0):
    - CocoaLumberjack/Default (= 3.3.0)
    - CocoaLumberjack/Extensions (= 3.3.0)
  - CocoaLumberjack/Default (3.3.0)
  - CocoaLumberjack/Extensions (3.3.0):
    - CocoaLumberjack/Default
  - Mantle (2.1.0):
    - Mantle/extobjc (= 2.1.0)
  - Mantle/extobjc (2.1.0)
  - MQTTClient (0.8.8):
    - MQTTClient/Core (= 0.8.8)
  - MQTTClient/Core (0.8.8):
    - MQTTClient/Manager
    - MQTTClient/Min
  - MQTTClient/Manager (0.8.8):
    - MQTTClient/Min
  - MQTTClient/Min (0.8.8)
  - Reachability (3.2)
  - TuyaSmartKit (1.15.0):
    - CocoaAsyncSocket
    - Mantle
    - MQTTClient (= 0.8.8)
    - Reachability
    - UICKeyChainStore
  - UICKeyChainStore (2.1.1)

DEPENDENCIES:
  - CocoaLumberjack
  - TuyaSmartKit (from `https://github.com/TuyaInc/tuyasmart_ios_sdk.git`)

EXTERNAL SOURCES:
  TuyaSmartKit:
    :git: https://github.com/TuyaInc/tuyasmart_ios_sdk.git

CHECKOUT OPTIONS:
  TuyaSmartKit:
    :commit: 6ed62d4e717d95f77f2df2be2d0203c9bbe2007f
    :git: https://github.com/TuyaInc/tuyasmart_ios_sdk.git

SPEC CHECKSUMS:
  CocoaAsyncSocket: 7eadd3f59e1a6c84e2aefc93e9ff7b55156fe174
  CocoaLumberjack: 3c8c74683302f9012bb168e1c4b7ae3c0b558431
  Mantle: 2fa750afa478cd625a94230fbf1c13462f29395b
  MQTTClient: f49de7a90edaf48f8965a73b67b0cd47f5b6b81d
  Reachability: 33e18b67625424e47b6cde6d202dce689ad7af96
  TuyaSmartKit: 623a2b498a72a855ddd3412ac48e487cdbade72f
  UICKeyChainStore: 239558492fa260531a0774cfc611ea83a6eaff3a

PODFILE CHECKSUM: 6f36473474d187b0d4ce74c72bdbcc3c399a3323

COCOAPODS: 1.3.1
